
Microsoft Visual Studio Solution File, Format Version 12.00
# Visual Studio Version 17
VisualStudioVersion = 17.9.34622.214
MinimumVisualStudioVersion = 10.0.40219.1
Project("{9A19103F-16F7-4668-BE54-9A1E7A4F7556}") = "OneStream_Assessment_WebApi", "OneStream_Assessment\OneStream_Assessment_WebApi.csproj", "{25889D11-5E91-4102-B275-7EC9B876271B}"
EndProject
Project("{9A19103F-16F7-4668-BE54-9A1E7A4F7556}") = "OneStream_Assessment_BlazorWeb", "OneStream_Assessment_BlazorWeb\OneStream_Assessment_BlazorWeb.csproj", "{40AE9EBA-8930-48D9-8B46-0A975332CC5F}"
EndProject
Project("{9A19103F-16F7-4668-BE54-9A1E7A4F7556}") = "OneStream_Assessment_Services", "OneStream_Assessment_Services\OneStream_Assessment_Services.csproj", "{0A64CB15-34BF-4DF1-88F6-42134A4C7D59}"
EndProject
Project("{FAE04EC0-301F-11D3-BF4B-00C04F79EFBC}") = "OneStream_Assessment_Tests", "OneStream_Assessment_Test\OneStream_Assessment_Tests.csproj", "{0FEAB0F0-F902-46B3-8F64-DDABB169039D}"
EndProject
Global
	GlobalSection(SolutionConfigurationPlatforms) = preSolution
		Debug|Any CPU = Debug|Any CPU
		Release|Any CPU = Release|Any CPU
	EndGlobalSection
	GlobalSection(ProjectConfigurationPlatforms) = postSolution
		{25889D11-5E91-4102-B275-7EC9B876271B}.Debug|Any CPU.ActiveCfg = Debug|Any CPU
		{25889D11-5E91-4102-B275-7EC9B876271B}.Debug|Any CPU.Build.0 = Debug|Any CPU
		{25889D11-5E91-4102-B275-7EC9B876271B}.Release|Any CPU.ActiveCfg = Release|Any CPU
		{25889D11-5E91-4102-B275-7EC9B876271B}.Release|Any CPU.Build.0 = Release|Any CPU
		{40AE9EBA-8930-48D9-8B46-0A975332CC5F}.Debug|Any CPU.ActiveCfg = Debug|Any CPU
		{40AE9EBA-8930-48D9-8B46-0A975332CC5F}.Debug|Any CPU.Build.0 = Debug|Any CPU
		{40AE9EBA-8930-48D9-8B46-0A975332CC5F}.Release|Any CPU.ActiveCfg = Release|Any CPU
		{40AE9EBA-8930-48D9-8B46-0A975332CC5F}.Release|Any CPU.Build.0 = Release|Any CPU
		{0A64CB15-34BF-4DF1-88F6-42134A4C7D59}.Debug|Any CPU.ActiveCfg = Debug|Any CPU
		{0A64CB15-34BF-4DF1-88F6-42134A4C7D59}.Debug|Any CPU.Build.0 = Debug|Any CPU
		{0A64CB15-34BF-4DF1-88F6-42134A4C7D59}.Release|Any CPU.ActiveCfg = Release|Any CPU
		{0A64CB15-34BF-4DF1-88F6-42134A4C7D59}.Release|Any CPU.Build.0 = Release|Any CPU
		{0FEAB0F0-F902-46B3-8F64-DDABB169039D}.Debug|Any CPU.ActiveCfg = Debug|Any CPU
		{0FEAB0F0-F902-46B3-8F64-DDABB169039D}.Debug|Any CPU.Build.0 = Debug|Any CPU
		{0FEAB0F0-F902-46B3-8F64-DDABB169039D}.Release|Any CPU.ActiveCfg = Release|Any CPU
		{0FEAB0F0-F902-46B3-8F64-DDABB169039D}.Release|Any CPU.Build.0 = Release|Any CPU
	EndGlobalSection
	GlobalSection(SolutionProperties) = preSolution
		HideSolutionNode = FALSE
	EndGlobalSection
	GlobalSection(ExtensibilityGlobals) = postSolution
		SolutionGuid = {574B9C93-4B74-4BF3-A919-A2C1045D9F49}
	EndGlobalSection
EndGlobal
